
Microsoft Visual Studio Solution File, Format Version 12.00
# Visual Studio Version 17
VisualStudioVersion = 17.11.35327.3
MinimumVisualStudioVersion = 10.0.40219.1
Project("{2150E333-8FDC-42A3-9474-1A3956D46DE8}") = "CleanArch.Application", "CleanArch.Application", "{6537D8B0-75E1-4D2E-A60B-38523550F480}"
EndProject
Project("{2150E333-8FDC-42A3-9474-1A3956D46DE8}") = "CleanArch.Infra.Data", "CleanArch.Infra.Data", "{0E88DE41-970B-4755-84D4-ED348370251F}"
EndProject
Project("{2150E333-8FDC-42A3-9474-1A3956D46DE8}") = "CleanArch.UI.MVC", "CleanArch.UI.MVC", "{5E355AF2-9A0E-4805-A596-5125406C9FDF}"
EndProject
Project("{2150E333-8FDC-42A3-9474-1A3956D46DE8}") = "CleanArch.Infra.IoC", "CleanArch.Infra.IoC", "{7C1095B4-BBE2-41D0-A309-DDAD4D5FC5E3}"
EndProject
Project("{2150E333-8FDC-42A3-9474-1A3956D46DE8}") = "CleanArch.Domain", "CleanArch.Domain", "{1859E680-F9BA-4699-89A7-00F15CD40D55}"
EndProject
Project("{FAE04EC0-301F-11D3-BF4B-00C04F79EFBC}") = "CleanArch.Mvc", "CleanArch.Mvc\CleanArch.Mvc.csproj", "{2BB34190-FA49-4828-8D1B-D5EC6A3F7FEB}"
EndProject
Global
	GlobalSection(SolutionConfigurationPlatforms) = preSolution
		Debug|Any CPU = Debug|Any CPU
		Release|Any CPU = Release|Any CPU
	EndGlobalSection
	GlobalSection(ProjectConfigurationPlatforms) = postSolution
		{2BB34190-FA49-4828-8D1B-D5EC6A3F7FEB}.Debug|Any CPU.ActiveCfg = Debug|Any CPU
		{2BB34190-FA49-4828-8D1B-D5EC6A3F7FEB}.Debug|Any CPU.Build.0 = Debug|Any CPU
		{2BB34190-FA49-4828-8D1B-D5EC6A3F7FEB}.Release|Any CPU.ActiveCfg = Release|Any CPU
		{2BB34190-FA49-4828-8D1B-D5EC6A3F7FEB}.Release|Any CPU.Build.0 = Release|Any CPU
	EndGlobalSection
	GlobalSection(SolutionProperties) = preSolution
		HideSolutionNode = FALSE
	EndGlobalSection
	GlobalSection(NestedProjects) = preSolution
		{2BB34190-FA49-4828-8D1B-D5EC6A3F7FEB} = {5E355AF2-9A0E-4805-A596-5125406C9FDF}
	EndGlobalSection
	GlobalSection(ExtensibilityGlobals) = postSolution
		SolutionGuid = {16F10D11-F446-4762-82AE-BD5B364C8E0F}
	EndGlobalSection
EndGlobal
